
Microsoft Visual Studio Solution File, Format Version 12.00
# Visual Studio 15
VisualStudioVersion = 15.0.28307.421
MinimumVisualStudioVersion = 10.0.40219.1
Project("{FAE04EC0-301F-11D3-BF4B-00C04F79EFBC}") = "Kulkuvälineohjelma", "Kulkuvälineohjelma\Kulkuvälineohjelma.csproj", "{1BE7E62A-CCB6-4AC4-8029-2892C2BA25D1}"
EndProject
Global
	GlobalSection(SolutionConfigurationPlatforms) = preSolution
		Debug|Any CPU = Debug|Any CPU
		Release|Any CPU = Release|Any CPU
	EndGlobalSection
	GlobalSection(ProjectConfigurationPlatforms) = postSolution
		{1BE7E62A-CCB6-4AC4-8029-2892C2BA25D1}.Debug|Any CPU.ActiveCfg = Debug|Any CPU
		{1BE7E62A-CCB6-4AC4-8029-2892C2BA25D1}.Debug|Any CPU.Build.0 = Debug|Any CPU
		{1BE7E62A-CCB6-4AC4-8029-2892C2BA25D1}.Release|Any CPU.ActiveCfg = Release|Any CPU
		{1BE7E62A-CCB6-4AC4-8029-2892C2BA25D1}.Release|Any CPU.Build.0 = Release|Any CPU
	EndGlobalSection
	GlobalSection(SolutionProperties) = preSolution
		HideSolutionNode = FALSE
	EndGlobalSection
	GlobalSection(ExtensibilityGlobals) = postSolution
		SolutionGuid = {37FA6D52-F3CE-4719-BBC3-5CAAFF9A4145}
	EndGlobalSection
EndGlobal
