
Microsoft Visual Studio Solution File, Format Version 12.00
# Visual Studio 15
VisualStudioVersion = 15.0.28307.421
MinimumVisualStudioVersion = 10.0.40219.1
Project("{FAE04EC0-301F-11D3-BF4B-00C04F79EFBC}") = "Kirjallisuusohjelma", "Kirjallisuusohjelma\Kirjallisuusohjelma.csproj", "{62C17ACA-1AEE-4A37-B2B8-7A2F0DBBF1D1}"
EndProject
Global
	GlobalSection(SolutionConfigurationPlatforms) = preSolution
		Debug|Any CPU = Debug|Any CPU
		Release|Any CPU = Release|Any CPU
	EndGlobalSection
	GlobalSection(ProjectConfigurationPlatforms) = postSolution
		{62C17ACA-1AEE-4A37-B2B8-7A2F0DBBF1D1}.Debug|Any CPU.ActiveCfg = Debug|Any CPU
		{62C17ACA-1AEE-4A37-B2B8-7A2F0DBBF1D1}.Debug|Any CPU.Build.0 = Debug|Any CPU
		{62C17ACA-1AEE-4A37-B2B8-7A2F0DBBF1D1}.Release|Any CPU.ActiveCfg = Release|Any CPU
		{62C17ACA-1AEE-4A37-B2B8-7A2F0DBBF1D1}.Release|Any CPU.Build.0 = Release|Any CPU
	EndGlobalSection
	GlobalSection(SolutionProperties) = preSolution
		HideSolutionNode = FALSE
	EndGlobalSection
	GlobalSection(ExtensibilityGlobals) = postSolution
		SolutionGuid = {FE3CC15D-D209-42FA-BE5D-6A69C2E6BA36}
	EndGlobalSection
EndGlobal
